
Microsoft Visual Studio Solution File, Format Version 12.00
# Visual Studio Version 16
VisualStudioVersion = 16.0.30517.126
MinimumVisualStudioVersion = 10.0.40219.1
Project("{9A19103F-16F7-4668-BE54-9A1E7A4F7556}") = "SocialCareCaseViewerApi", "SocialCareCaseViewerApi\SocialCareCaseViewerApi.csproj", "{6F482163-3F51-487F-8F7D-37A1D4DAEA8B}"
EndProject
Project("{9A19103F-16F7-4668-BE54-9A1E7A4F7556}") = "SocialCareCaseViewerApi.Tests", "SocialCareCaseViewerApi.Tests\SocialCareCaseViewerApi.Tests.csproj", "{DE8E4E61-EB76-416B-8417-E8F2F6A0C0D3}"
EndProject
Project("{9A19103F-16F7-4668-BE54-9A1E7A4F7556}") = "MongoDBImport", "MongoDBImport\MongoDBImport.csproj", "{C3CADDC5-0BA8-457C-ABD4-CE56F9092A19}"
EndProject
Project("{9A19103F-16F7-4668-BE54-9A1E7A4F7556}") = "PostgreSQLImport", "PostgreSQLImport\PostgreSQLImport.csproj", "{10C36CBA-400A-4DF7-8362-EE4D19F68787}"
EndProject
Global
	GlobalSection(SolutionConfigurationPlatforms) = preSolution
		Debug|Any CPU = Debug|Any CPU
		Release|Any CPU = Release|Any CPU
	EndGlobalSection
	GlobalSection(ProjectConfigurationPlatforms) = postSolution
		{6F482163-3F51-487F-8F7D-37A1D4DAEA8B}.Debug|Any CPU.ActiveCfg = Debug|Any CPU
		{6F482163-3F51-487F-8F7D-37A1D4DAEA8B}.Debug|Any CPU.Build.0 = Debug|Any CPU
		{6F482163-3F51-487F-8F7D-37A1D4DAEA8B}.Release|Any CPU.ActiveCfg = Release|Any CPU
		{6F482163-3F51-487F-8F7D-37A1D4DAEA8B}.Release|Any CPU.Build.0 = Release|Any CPU
		{DE8E4E61-EB76-416B-8417-E8F2F6A0C0D3}.Debug|Any CPU.ActiveCfg = Debug|Any CPU
		{DE8E4E61-EB76-416B-8417-E8F2F6A0C0D3}.Debug|Any CPU.Build.0 = Debug|Any CPU
		{DE8E4E61-EB76-416B-8417-E8F2F6A0C0D3}.Release|Any CPU.ActiveCfg = Release|Any CPU
		{DE8E4E61-EB76-416B-8417-E8F2F6A0C0D3}.Release|Any CPU.Build.0 = Release|Any CPU
		{C3CADDC5-0BA8-457C-ABD4-CE56F9092A19}.Debug|Any CPU.ActiveCfg = Debug|Any CPU
		{C3CADDC5-0BA8-457C-ABD4-CE56F9092A19}.Debug|Any CPU.Build.0 = Debug|Any CPU
		{C3CADDC5-0BA8-457C-ABD4-CE56F9092A19}.Release|Any CPU.ActiveCfg = Release|Any CPU
		{C3CADDC5-0BA8-457C-ABD4-CE56F9092A19}.Release|Any CPU.Build.0 = Release|Any CPU
		{10C36CBA-400A-4DF7-8362-EE4D19F68787}.Debug|Any CPU.ActiveCfg = Debug|Any CPU
		{10C36CBA-400A-4DF7-8362-EE4D19F68787}.Debug|Any CPU.Build.0 = Debug|Any CPU
		{10C36CBA-400A-4DF7-8362-EE4D19F68787}.Release|Any CPU.ActiveCfg = Release|Any CPU
		{10C36CBA-400A-4DF7-8362-EE4D19F68787}.Release|Any CPU.Build.0 = Release|Any CPU
	EndGlobalSection
	GlobalSection(SolutionProperties) = preSolution
		HideSolutionNode = FALSE
	EndGlobalSection
	GlobalSection(ExtensibilityGlobals) = postSolution
		SolutionGuid = {809D15DE-57AF-4C70-AFFB-92C7A551C21E}
	EndGlobalSection
EndGlobal
